// !$*UTF8*$!
{
	archiveVersion = 1;
	classes = {
	};
	objectVersion = 46;
	objects = {

/* Begin PBXBuildFile section */
		F385ADA81BC14EEA009162AC /* main.m in Sources */ = {isa = PBXBuildFile; fileRef = F385ADA71BC14EEA009162AC /* main.m */; };
		F385ADAB1BC14EEA009162AC /* AppDelegate.m in Sources */ = {isa = PBXBuildFile; fileRef = F385ADAA1BC14EEA009162AC /* AppDelegate.m */; };
		F385ADB31BC14EEA009162AC /* Assets.xcassets in Resources */ = {isa = PBXBuildFile; fileRef = F385ADB21BC14EEA009162AC /* Assets.xcassets */; };
		F385ADB61BC14EEA009162AC /* LaunchScreen.storyboard in Resources */ = {isa = PBXBuildFile; fileRef = F385ADB41BC14EEA009162AC /* LaunchScreen.storyboard */; };
		F385ADBF1BC15077009162AC /* UI.swift in Sources */ = {isa = PBXBuildFile; fileRef = F385ADBE1BC15077009162AC /* UI.swift */; settings = {ASSET_TAGS = (); }; };
		F385ADC11BC15102009162AC /* Instances.swift in Sources */ = {isa = PBXBuildFile; fileRef = F385ADC01BC15102009162AC /* Instances.swift */; settings = {ASSET_TAGS = (); }; };
		F385ADC31BC155EE009162AC /* CGRect.swift in Sources */ = {isa = PBXBuildFile; fileRef = F385ADC21BC155EE009162AC /* CGRect.swift */; settings = {ASSET_TAGS = (); }; };
		F385ADC61BC1583B009162AC /* FunnySlider.m in Sources */ = {isa = PBXBuildFile; fileRef = F385ADC51BC1583B009162AC /* FunnySlider.m */; settings = {ASSET_TAGS = (); }; };
		F385ADC81BC17B02009162AC /* HelloSimplicity.swift in Sources */ = {isa = PBXBuildFile; fileRef = F385ADC71BC17B02009162AC /* HelloSimplicity.swift */; settings = {ASSET_TAGS = (); }; };
		F397DE101BC484AE00243919 /* Wireboard.swift in Sources */ = {isa = PBXBuildFile; fileRef = F397DE0F1BC484AE00243919 /* Wireboard.swift */; settings = {ASSET_TAGS = (); }; };
/* End PBXBuildFile section */

/* Begin PBXFileReference section */
		F385ADA31BC14EEA009162AC /* Demo7.app */ = {isa = PBXFileReference; explicitFileType = wrapper.application; includeInIndex = 0; path = Demo7.app; sourceTree = BUILT_PRODUCTS_DIR; };
		F385ADA71BC14EEA009162AC /* main.m */ = {isa = PBXFileReference; lastKnownFileType = sourcecode.c.objc; path = main.m; sourceTree = "<group>"; };
		F385ADA91BC14EEA009162AC /* AppDelegate.h */ = {isa = PBXFileReference; lastKnownFileType = sourcecode.c.h; path = AppDelegate.h; sourceTree = "<group>"; };
		F385ADAA1BC14EEA009162AC /* AppDelegate.m */ = {isa = PBXFileReference; lastKnownFileType = sourcecode.c.objc; path = AppDelegate.m; sourceTree = "<group>"; };
		F385ADB21BC14EEA009162AC /* Assets.xcassets */ = {isa = PBXFileReference; lastKnownFileType = folder.assetcatalog; path = Assets.xcassets; sourceTree = "<group>"; };
		F385ADB51BC14EEA009162AC /* Base */ = {isa = PBXFileReference; lastKnownFileType = file.storyboard; name = Base; path = Base.lproj/LaunchScreen.storyboard; sourceTree = "<group>"; };
		F385ADB71BC14EEA009162AC /* Info.plist */ = {isa = PBXFileReference; lastKnownFileType = text.plist.xml; path = Info.plist; sourceTree = "<group>"; };
		F385ADBD1BC15076009162AC /* Demo7-Bridging-Header.h */ = {isa = PBXFileReference; lastKnownFileType = sourcecode.c.h; path = "Demo7-Bridging-Header.h"; sourceTree = "<group>"; };
		F385ADBE1BC15077009162AC /* UI.swift */ = {isa = PBXFileReference; fileEncoding = 4; lastKnownFileType = sourcecode.swift; path = UI.swift; sourceTree = "<group>"; };
		F385ADC01BC15102009162AC /* Instances.swift */ = {isa = PBXFileReference; fileEncoding = 4; lastKnownFileType = sourcecode.swift; path = Instances.swift; sourceTree = "<group>"; };
		F385ADC21BC155EE009162AC /* CGRect.swift */ = {isa = PBXFileReference; fileEncoding = 4; lastKnownFileType = sourcecode.swift; path = CGRect.swift; sourceTree = "<group>"; };
		F385ADC41BC1583B009162AC /* FunnySlider.h */ = {isa = PBXFileReference; fileEncoding = 4; lastKnownFileType = sourcecode.c.h; path = FunnySlider.h; sourceTree = "<group>"; };
		F385ADC51BC1583B009162AC /* FunnySlider.m */ = {isa = PBXFileReference; fileEncoding = 4; lastKnownFileType = sourcecode.c.objc; path = FunnySlider.m; sourceTree = "<group>"; };
		F385ADC71BC17B02009162AC /* HelloSimplicity.swift */ = {isa = PBXFileReference; fileEncoding = 4; lastKnownFileType = sourcecode.swift; path = HelloSimplicity.swift; sourceTree = "<group>"; };
		F397DE0F1BC484AE00243919 /* Wireboard.swift */ = {isa = PBXFileReference; fileEncoding = 4; lastKnownFileType = sourcecode.swift; path = Wireboard.swift; sourceTree = "<group>"; };
/* End PBXFileReference section */

/* Begin PBXFrameworksBuildPhase section */
		F385ADA01BC14EEA009162AC /* Frameworks */ = {
			isa = PBXFrameworksBuildPhase;
			buildActionMask = 2147483647;
			files = (
			);
			runOnlyForDeploymentPostprocessing = 0;
		};
/* End PBXFrameworksBuildPhase section */

/* Begin PBXGroup section */
		F385AD9A1BC14EEA009162AC = {
			isa = PBXGroup;
			children = (
				F385ADA51BC14EEA009162AC /* Demo7 */,
				F385ADA41BC14EEA009162AC /* Products */,
			);
			sourceTree = "<group>";
		};
		F385ADA41BC14EEA009162AC /* Products */ = {
			isa = PBXGroup;
			children = (
				F385ADA31BC14EEA009162AC /* Demo7.app */,
			);
			name = Products;
			sourceTree = "<group>";
		};
		F385ADA51BC14EEA009162AC /* Demo7 */ = {
			isa = PBXGroup;
			children = (
				F385ADC41BC1583B009162AC /* FunnySlider.h */,
				F385ADC51BC1583B009162AC /* FunnySlider.m */,
				F385ADC21BC155EE009162AC /* CGRect.swift */,
				F385ADC71BC17B02009162AC /* HelloSimplicity.swift */,
				F385ADA91BC14EEA009162AC /* AppDelegate.h */,
				F385ADAA1BC14EEA009162AC /* AppDelegate.m */,
				F385ADBE1BC15077009162AC /* UI.swift */,
				F397DE0F1BC484AE00243919 /* Wireboard.swift */,
				F385ADC01BC15102009162AC /* Instances.swift */,
				F385ADB21BC14EEA009162AC /* Assets.xcassets */,
				F385ADB41BC14EEA009162AC /* LaunchScreen.storyboard */,
				F385ADB71BC14EEA009162AC /* Info.plist */,
				F385ADA61BC14EEA009162AC /* Supporting Files */,
				F385ADBD1BC15076009162AC /* Demo7-Bridging-Header.h */,
			);
			path = Demo7;
			sourceTree = "<group>";
		};
		F385ADA61BC14EEA009162AC /* Supporting Files */ = {
			isa = PBXGroup;
			children = (
				F385ADA71BC14EEA009162AC /* main.m */,
			);
			name = "Supporting Files";
			sourceTree = "<group>";
		};
/* End PBXGroup section */

/* Begin PBXNativeTarget section */
		F385ADA21BC14EEA009162AC /* Demo7 */ = {
			isa = PBXNativeTarget;
			buildConfigurationList = F385ADBA1BC14EEA009162AC /* Build configuration list for PBXNativeTarget "Demo7" */;
			buildPhases = (
				F385AD9F1BC14EEA009162AC /* Sources */,
				F385ADA01BC14EEA009162AC /* Frameworks */,
				F385ADA11BC14EEA009162AC /* Resources */,
			);
			buildRules = (
			);
			dependencies = (
			);
			name = Demo7;
			productName = Demo7;
			productReference = F385ADA31BC14EEA009162AC /* Demo7.app */;
			productType = "com.apple.product-type.application";
		};
/* End PBXNativeTarget section */

/* Begin PBXProject section */
		F385AD9B1BC14EEA009162AC /* Project object */ = {
			isa = PBXProject;
			attributes = {
				LastSwiftUpdateCheck = 0700;
				LastUpgradeCheck = 0700;
				ORGANIZATIONNAME = "Cantabilabs Ltd";
				TargetAttributes = {
					F385ADA21BC14EEA009162AC = {
						CreatedOnToolsVersion = 7.0.1;
					};
				};
			};
			buildConfigurationList = F385AD9E1BC14EEA009162AC /* Build configuration list for PBXProject "Demo7" */;
			compatibilityVersion = "Xcode 3.2";
			developmentRegion = English;
			hasScannedForEncodings = 0;
			knownRegions = (
				en,
				Base,
			);
			mainGroup = F385AD9A1BC14EEA009162AC;
			productRefGroup = F385ADA41BC14EEA009162AC /* Products */;
			projectDirPath = "";
			projectRoot = "";
			targets = (
				F385ADA21BC14EEA009162AC /* Demo7 */,
			);
		};
/* End PBXProject section */

/* Begin PBXResourcesBuildPhase section */
		F385ADA11BC14EEA009162AC /* Resources */ = {
			isa = PBXResourcesBuildPhase;
			buildActionMask = 2147483647;
			files = (
				F385ADB61BC14EEA009162AC /* LaunchScreen.storyboard in Resources */,
				F385ADB31BC14EEA009162AC /* Assets.xcassets in Resources */,
			);
			runOnlyForDeploymentPostprocessing = 0;
		};
/* End PBXResourcesBuildPhase section */

/* Begin PBXSourcesBuildPhase section */
		F385AD9F1BC14EEA009162AC /* Sources */ = {
			isa = PBXSourcesBuildPhase;
			buildActionMask = 2147483647;
			files = (
				F385ADAB1BC14EEA009162AC /* AppDelegate.m in Sources */,
				F397DE101BC484AE00243919 /* Wireboard.swift in Sources */,
				F385ADA81BC14EEA009162AC /* main.m in Sources */,
				F385ADC31BC155EE009162AC /* CGRect.swift in Sources */,
				F385ADBF1BC15077009162AC /* UI.swift in Sources */,
				F385ADC81BC17B02009162AC /* HelloSimplicity.swift in Sources */,
				F385ADC11BC15102009162AC /* Instances.swift in Sources */,
				F385ADC61BC1583B009162AC /* FunnySlider.m in Sources */,
			);
			runOnlyForDeploymentPostprocessing = 0;
		};
/* End PBXSourcesBuildPhase section */

/* Begin PBXVariantGroup section */
		F385ADB41BC14EEA009162AC /* LaunchScreen.storyboard */ = {
			isa = PBXVariantGroup;
			children = (
				F385ADB51BC14EEA009162AC /* Base */,
			);
			name = LaunchScreen.storyboard;
			sourceTree = "<group>";
		};
/* End PBXVariantGroup section */

/* Begin XCBuildConfiguration section */
		F385ADB81BC14EEA009162AC /* Debug */ = {
			isa = XCBuildConfiguration;
			buildSettings = {
				ALWAYS_SEARCH_USER_PATHS = NO;
				CLANG_CXX_LANGUAGE_STANDARD = "gnu++0x";
				CLANG_CXX_LIBRARY = "libc++";
				CLANG_ENABLE_MODULES = YES;
				CLANG_ENABLE_OBJC_ARC = YES;
				CLANG_WARN_BOOL_CONVERSION = YES;
				CLANG_WARN_CONSTANT_CONVERSION = YES;
				CLANG_WARN_DIRECT_OBJC_ISA_USAGE = YES_ERROR;
				CLANG_WARN_EMPTY_BODY = YES;
				CLANG_WARN_ENUM_CONVERSION = YES;
				CLANG_WARN_INT_CONVERSION = YES;
				CLANG_WARN_OBJC_ROOT_CLASS = YES_ERROR;
				CLANG_WARN_UNREACHABLE_CODE = YES;
				CLANG_WARN__DUPLICATE_METHOD_MATCH = YES;
				"CODE_SIGN_IDENTITY[sdk=iphoneos*]" = "iPhone Developer";
				COPY_PHASE_STRIP = NO;
				DEBUG_INFORMATION_FORMAT = dwarf;
				ENABLE_STRICT_OBJC_MSGSEND = YES;
				ENABLE_TESTABILITY = YES;
				GCC_C_LANGUAGE_STANDARD = gnu99;
				GCC_DYNAMIC_NO_PIC = NO;
				GCC_NO_COMMON_BLOCKS = YES;
				GCC_OPTIMIZATION_LEVEL = 0;
				GCC_PREPROCESSOR_DEFINITIONS = (
					"DEBUG=1",
					"$(inherited)",
				);
				GCC_WARN_64_TO_32_BIT_CONVERSION = YES;
				GCC_WARN_ABOUT_RETURN_TYPE = YES_ERROR;
				GCC_WARN_UNDECLARED_SELECTOR = YES;
				GCC_WARN_UNINITIALIZED_AUTOS = YES_AGGRESSIVE;
				GCC_WARN_UNUSED_FUNCTION = YES;
				GCC_WARN_UNUSED_VARIABLE = YES;
				IPHONEOS_DEPLOYMENT_TARGET = 9.0;
				MTL_ENABLE_DEBUG_INFO = YES;
				ONLY_ACTIVE_ARCH = YES;
				SDKROOT = iphoneos;
			};
			name = Debug;
		};
		F385ADB91BC14EEA009162AC /* Release */ = {
			isa = XCBuildConfiguration;
			buildSettings = {
				ALWAYS_SEARCH_USER_PATHS = NO;
				CLANG_CXX_LANGUAGE_STANDARD = "gnu++0x";
				CLANG_CXX_LIBRARY = "libc++";
				CLANG_ENABLE_MODULES = YES;
				CLANG_ENABLE_OBJC_ARC = YES;
				CLANG_WARN_BOOL_CONVERSION = YES;
				CLANG_WARN_CONSTANT_CONVERSION = YES;
				CLANG_WARN_DIRECT_OBJC_ISA_USAGE = YES_ERROR;
				CLANG_WARN_EMPTY_BODY = YES;
				CLANG_WARN_ENUM_CONVERSION = YES;
				CLANG_WARN_INT_CONVERSION = YES;
				CLANG_WARN_OBJC_ROOT_CLASS = YES_ERROR;
				CLANG_WARN_UNREACHABLE_CODE = YES;
				CLANG_WARN__DUPLICATE_METHOD_MATCH = YES;
				"CODE_SIGN_IDENTITY[sdk=iphoneos*]" = "iPhone Developer";
				COPY_PHASE_STRIP = NO;
				DEBUG_INFORMATION_FORMAT = "dwarf-with-dsym";
				ENABLE_NS_ASSERTIONS = NO;
				ENABLE_STRICT_OBJC_MSGSEND = YES;
				GCC_C_LANGUAGE_STANDARD = gnu99;
				GCC_NO_COMMON_BLOCKS = YES;
				GCC_WARN_64_TO_32_BIT_CONVERSION = YES;
				GCC_WARN_ABOUT_RETURN_TYPE = YES_ERROR;
				GCC_WARN_UNDECLARED_SELECTOR = YES;
				GCC_WARN_UNINITIALIZED_AUTOS = YES_AGGRESSIVE;
				GCC_WARN_UNUSED_FUNCTION = YES;
				GCC_WARN_UNUSED_VARIABLE = YES;
				IPHONEOS_DEPLOYMENT_TARGET = 9.0;
				MTL_ENABLE_DEBUG_INFO = NO;
				SDKROOT = iphoneos;
				VALIDATE_PRODUCT = YES;
			};
			name = Release;
		};
		F385ADBB1BC14EEA009162AC /* Debug */ = {
			isa = XCBuildConfiguration;
			buildSettings = {
				ASSETCATALOG_COMPILER_APPICON_NAME = AppIcon;
				CLANG_ENABLE_MODULES = YES;
				INFOPLIST_FILE = Demo7/Info.plist;
				LD_RUNPATH_SEARCH_PATHS = "$(inherited) @executable_path/Frameworks";
				PRODUCT_BUNDLE_IDENTIFIER = uk.co.cantabilabs.Demo7;
				PRODUCT_NAME = "$(TARGET_NAME)";
				SWIFT_OBJC_BRIDGING_HEADER = "Demo7/Demo7-Bridging-Header.h";
				SWIFT_OPTIMIZATION_LEVEL = "-Onone";
			};
			name = Debug;
		};
		F385ADBC1BC14EEA009162AC /* Release */ = {
			isa = XCBuildConfiguration;
			buildSettings = {
				ASSETCATALOG_COMPILER_APPICON_NAME = AppIcon;
				CLANG_ENABLE_MODULES = YES;
				INFOPLIST_FILE = Demo7/Info.plist;
				LD_RUNPATH_SEARCH_PATHS = "$(inherited) @executable_path/Frameworks";
				PRODUCT_BUNDLE_IDENTIFIER = uk.co.cantabilabs.Demo7;
				PRODUCT_NAME = "$(TARGET_NAME)";
				SWIFT_OBJC_BRIDGING_HEADER = "Demo7/Demo7-Bridging-Header.h";
			};
			name = Release;
		};
/* End XCBuildConfiguration section */

/* Begin XCConfigurationList section */
		F385AD9E1BC14EEA009162AC /* Build configuration list for PBXProject "Demo7" */ = {
			isa = XCConfigurationList;
			buildConfigurations = (
				F385ADB81BC14EEA009162AC /* Debug */,
				F385ADB91BC14EEA009162AC /* Release */,
			);
			defaultConfigurationIsVisible = 0;
			defaultConfigurationName = Release;
		};
		F385ADBA1BC14EEA009162AC /* Build configuration list for PBXNativeTarget "Demo7" */ = {
			isa = XCConfigurationList;
			buildConfigurations = (
				F385ADBB1BC14EEA009162AC /* Debug */,
				F385ADBC1BC14EEA009162AC /* Release */,
			);
			defaultConfigurationIsVisible = 0;
			defaultConfigurationName = Release;
		};
/* End XCConfigurationList section */
	};
	rootObject = F385AD9B1BC14EEA009162AC /* Project object */;
}
