// !$*UTF8*$!
{
	archiveVersion = 1;
	classes = {
	};
	objectVersion = 46;
	objects = {

/* Begin PBXBuildFile section */
		F3FAF1461BBB372C00D01049 /* main.m in Sources */ = {isa = PBXBuildFile; fileRef = F3FAF1451BBB372C00D01049 /* main.m */; };
		F3FAF1491BBB372C00D01049 /* AppDelegate.m in Sources */ = {isa = PBXBuildFile; fileRef = F3FAF1481BBB372C00D01049 /* AppDelegate.m */; };
		F3FAF1511BBB372C00D01049 /* Assets.xcassets in Resources */ = {isa = PBXBuildFile; fileRef = F3FAF1501BBB372C00D01049 /* Assets.xcassets */; };
		F3FAF1541BBB372C00D01049 /* LaunchScreen.storyboard in Resources */ = {isa = PBXBuildFile; fileRef = F3FAF1521BBB372C00D01049 /* LaunchScreen.storyboard */; };
		F3FAF15D1BBB37BF00D01049 /* MainView.swift in Sources */ = {isa = PBXBuildFile; fileRef = F3FAF15C1BBB37BF00D01049 /* MainView.swift */; settings = {ASSET_TAGS = (); }; };
		F3FAF15F1BBB37E700D01049 /* MainWindow.swift in Sources */ = {isa = PBXBuildFile; fileRef = F3FAF15E1BBB37E700D01049 /* MainWindow.swift */; settings = {ASSET_TAGS = (); }; };
		F3FAF1611BBB381600D01049 /* AppleRequiredViewController.swift in Sources */ = {isa = PBXBuildFile; fileRef = F3FAF1601BBB381600D01049 /* AppleRequiredViewController.swift */; settings = {ASSET_TAGS = (); }; };
		F3FAF1631BBB387D00D01049 /* Bindings.swift in Sources */ = {isa = PBXBuildFile; fileRef = F3FAF1621BBB387D00D01049 /* Bindings.swift */; settings = {ASSET_TAGS = (); }; };
		F3FAF1651BBB3A5100D01049 /* CGRect.swift in Sources */ = {isa = PBXBuildFile; fileRef = F3FAF1641BBB3A5100D01049 /* CGRect.swift */; settings = {ASSET_TAGS = (); }; };
		F3FAF1681BBB3D3F00D01049 /* FunnySlider.m in Sources */ = {isa = PBXBuildFile; fileRef = F3FAF1671BBB3D3F00D01049 /* FunnySlider.m */; settings = {ASSET_TAGS = (); }; };
/* End PBXBuildFile section */

/* Begin PBXFileReference section */
		F3FAF1411BBB372C00D01049 /* Demo5.app */ = {isa = PBXFileReference; explicitFileType = wrapper.application; includeInIndex = 0; path = Demo5.app; sourceTree = BUILT_PRODUCTS_DIR; };
		F3FAF1451BBB372C00D01049 /* main.m */ = {isa = PBXFileReference; lastKnownFileType = sourcecode.c.objc; path = main.m; sourceTree = "<group>"; };
		F3FAF1471BBB372C00D01049 /* AppDelegate.h */ = {isa = PBXFileReference; lastKnownFileType = sourcecode.c.h; path = AppDelegate.h; sourceTree = "<group>"; };
		F3FAF1481BBB372C00D01049 /* AppDelegate.m */ = {isa = PBXFileReference; lastKnownFileType = sourcecode.c.objc; path = AppDelegate.m; sourceTree = "<group>"; };
		F3FAF1501BBB372C00D01049 /* Assets.xcassets */ = {isa = PBXFileReference; lastKnownFileType = folder.assetcatalog; path = Assets.xcassets; sourceTree = "<group>"; };
		F3FAF1531BBB372C00D01049 /* Base */ = {isa = PBXFileReference; lastKnownFileType = file.storyboard; name = Base; path = Base.lproj/LaunchScreen.storyboard; sourceTree = "<group>"; };
		F3FAF1551BBB372C00D01049 /* Info.plist */ = {isa = PBXFileReference; lastKnownFileType = text.plist.xml; path = Info.plist; sourceTree = "<group>"; };
		F3FAF15B1BBB37BE00D01049 /* Demo5-Bridging-Header.h */ = {isa = PBXFileReference; lastKnownFileType = sourcecode.c.h; path = "Demo5-Bridging-Header.h"; sourceTree = "<group>"; };
		F3FAF15C1BBB37BF00D01049 /* MainView.swift */ = {isa = PBXFileReference; fileEncoding = 4; lastKnownFileType = sourcecode.swift; path = MainView.swift; sourceTree = "<group>"; };
		F3FAF15E1BBB37E700D01049 /* MainWindow.swift */ = {isa = PBXFileReference; fileEncoding = 4; lastKnownFileType = sourcecode.swift; path = MainWindow.swift; sourceTree = "<group>"; };
		F3FAF1601BBB381600D01049 /* AppleRequiredViewController.swift */ = {isa = PBXFileReference; fileEncoding = 4; lastKnownFileType = sourcecode.swift; path = AppleRequiredViewController.swift; sourceTree = "<group>"; };
		F3FAF1621BBB387D00D01049 /* Bindings.swift */ = {isa = PBXFileReference; fileEncoding = 4; lastKnownFileType = sourcecode.swift; path = Bindings.swift; sourceTree = "<group>"; };
		F3FAF1641BBB3A5100D01049 /* CGRect.swift */ = {isa = PBXFileReference; fileEncoding = 4; lastKnownFileType = sourcecode.swift; path = CGRect.swift; sourceTree = "<group>"; };
		F3FAF1661BBB3D3F00D01049 /* FunnySlider.h */ = {isa = PBXFileReference; fileEncoding = 4; lastKnownFileType = sourcecode.c.h; path = FunnySlider.h; sourceTree = "<group>"; };
		F3FAF1671BBB3D3F00D01049 /* FunnySlider.m */ = {isa = PBXFileReference; fileEncoding = 4; lastKnownFileType = sourcecode.c.objc; path = FunnySlider.m; sourceTree = "<group>"; };
/* End PBXFileReference section */

/* Begin PBXFrameworksBuildPhase section */
		F3FAF13E1BBB372C00D01049 /* Frameworks */ = {
			isa = PBXFrameworksBuildPhase;
			buildActionMask = 2147483647;
			files = (
			);
			runOnlyForDeploymentPostprocessing = 0;
		};
/* End PBXFrameworksBuildPhase section */

/* Begin PBXGroup section */
		F3FAF1381BBB372C00D01049 = {
			isa = PBXGroup;
			children = (
				F3FAF1431BBB372C00D01049 /* Demo5 */,
				F3FAF1421BBB372C00D01049 /* Products */,
			);
			sourceTree = "<group>";
		};
		F3FAF1421BBB372C00D01049 /* Products */ = {
			isa = PBXGroup;
			children = (
				F3FAF1411BBB372C00D01049 /* Demo5.app */,
			);
			name = Products;
			sourceTree = "<group>";
		};
		F3FAF1431BBB372C00D01049 /* Demo5 */ = {
			isa = PBXGroup;
			children = (
				F3FAF1661BBB3D3F00D01049 /* FunnySlider.h */,
				F3FAF1671BBB3D3F00D01049 /* FunnySlider.m */,
				F3FAF1641BBB3A5100D01049 /* CGRect.swift */,
				F3FAF1471BBB372C00D01049 /* AppDelegate.h */,
				F3FAF1481BBB372C00D01049 /* AppDelegate.m */,
				F3FAF15C1BBB37BF00D01049 /* MainView.swift */,
				F3FAF15E1BBB37E700D01049 /* MainWindow.swift */,
				F3FAF1621BBB387D00D01049 /* Bindings.swift */,
				F3FAF1601BBB381600D01049 /* AppleRequiredViewController.swift */,
				F3FAF1501BBB372C00D01049 /* Assets.xcassets */,
				F3FAF1521BBB372C00D01049 /* LaunchScreen.storyboard */,
				F3FAF1551BBB372C00D01049 /* Info.plist */,
				F3FAF1441BBB372C00D01049 /* Supporting Files */,
				F3FAF15B1BBB37BE00D01049 /* Demo5-Bridging-Header.h */,
			);
			path = Demo5;
			sourceTree = "<group>";
		};
		F3FAF1441BBB372C00D01049 /* Supporting Files */ = {
			isa = PBXGroup;
			children = (
				F3FAF1451BBB372C00D01049 /* main.m */,
			);
			name = "Supporting Files";
			sourceTree = "<group>";
		};
/* End PBXGroup section */

/* Begin PBXNativeTarget section */
		F3FAF1401BBB372C00D01049 /* Demo5 */ = {
			isa = PBXNativeTarget;
			buildConfigurationList = F3FAF1581BBB372C00D01049 /* Build configuration list for PBXNativeTarget "Demo5" */;
			buildPhases = (
				F3FAF13D1BBB372C00D01049 /* Sources */,
				F3FAF13E1BBB372C00D01049 /* Frameworks */,
				F3FAF13F1BBB372C00D01049 /* Resources */,
			);
			buildRules = (
			);
			dependencies = (
			);
			name = Demo5;
			productName = Demo5;
			productReference = F3FAF1411BBB372C00D01049 /* Demo5.app */;
			productType = "com.apple.product-type.application";
		};
/* End PBXNativeTarget section */

/* Begin PBXProject section */
		F3FAF1391BBB372C00D01049 /* Project object */ = {
			isa = PBXProject;
			attributes = {
				LastSwiftUpdateCheck = 0700;
				LastUpgradeCheck = 0700;
				ORGANIZATIONNAME = "Cantabilabs Ltd";
				TargetAttributes = {
					F3FAF1401BBB372C00D01049 = {
						CreatedOnToolsVersion = 7.0.1;
					};
				};
			};
			buildConfigurationList = F3FAF13C1BBB372C00D01049 /* Build configuration list for PBXProject "Demo5" */;
			compatibilityVersion = "Xcode 3.2";
			developmentRegion = English;
			hasScannedForEncodings = 0;
			knownRegions = (
				en,
				Base,
			);
			mainGroup = F3FAF1381BBB372C00D01049;
			productRefGroup = F3FAF1421BBB372C00D01049 /* Products */;
			projectDirPath = "";
			projectRoot = "";
			targets = (
				F3FAF1401BBB372C00D01049 /* Demo5 */,
			);
		};
/* End PBXProject section */

/* Begin PBXResourcesBuildPhase section */
		F3FAF13F1BBB372C00D01049 /* Resources */ = {
			isa = PBXResourcesBuildPhase;
			buildActionMask = 2147483647;
			files = (
				F3FAF1541BBB372C00D01049 /* LaunchScreen.storyboard in Resources */,
				F3FAF1511BBB372C00D01049 /* Assets.xcassets in Resources */,
			);
			runOnlyForDeploymentPostprocessing = 0;
		};
/* End PBXResourcesBuildPhase section */

/* Begin PBXSourcesBuildPhase section */
		F3FAF13D1BBB372C00D01049 /* Sources */ = {
			isa = PBXSourcesBuildPhase;
			buildActionMask = 2147483647;
			files = (
				F3FAF1611BBB381600D01049 /* AppleRequiredViewController.swift in Sources */,
				F3FAF15F1BBB37E700D01049 /* MainWindow.swift in Sources */,
				F3FAF1491BBB372C00D01049 /* AppDelegate.m in Sources */,
				F3FAF1681BBB3D3F00D01049 /* FunnySlider.m in Sources */,
				F3FAF15D1BBB37BF00D01049 /* MainView.swift in Sources */,
				F3FAF1461BBB372C00D01049 /* main.m in Sources */,
				F3FAF1631BBB387D00D01049 /* Bindings.swift in Sources */,
				F3FAF1651BBB3A5100D01049 /* CGRect.swift in Sources */,
			);
			runOnlyForDeploymentPostprocessing = 0;
		};
/* End PBXSourcesBuildPhase section */

/* Begin PBXVariantGroup section */
		F3FAF1521BBB372C00D01049 /* LaunchScreen.storyboard */ = {
			isa = PBXVariantGroup;
			children = (
				F3FAF1531BBB372C00D01049 /* Base */,
			);
			name = LaunchScreen.storyboard;
			sourceTree = "<group>";
		};
/* End PBXVariantGroup section */

/* Begin XCBuildConfiguration section */
		F3FAF1561BBB372C00D01049 /* Debug */ = {
			isa = XCBuildConfiguration;
			buildSettings = {
				ALWAYS_SEARCH_USER_PATHS = NO;
				CLANG_CXX_LANGUAGE_STANDARD = "gnu++0x";
				CLANG_CXX_LIBRARY = "libc++";
				CLANG_ENABLE_MODULES = YES;
				CLANG_ENABLE_OBJC_ARC = YES;
				CLANG_WARN_BOOL_CONVERSION = YES;
				CLANG_WARN_CONSTANT_CONVERSION = YES;
				CLANG_WARN_DIRECT_OBJC_ISA_USAGE = YES_ERROR;
				CLANG_WARN_EMPTY_BODY = YES;
				CLANG_WARN_ENUM_CONVERSION = YES;
				CLANG_WARN_INT_CONVERSION = YES;
				CLANG_WARN_OBJC_ROOT_CLASS = YES_ERROR;
				CLANG_WARN_UNREACHABLE_CODE = YES;
				CLANG_WARN__DUPLICATE_METHOD_MATCH = YES;
				"CODE_SIGN_IDENTITY[sdk=iphoneos*]" = "iPhone Developer";
				COPY_PHASE_STRIP = NO;
				DEBUG_INFORMATION_FORMAT = dwarf;
				ENABLE_STRICT_OBJC_MSGSEND = YES;
				ENABLE_TESTABILITY = YES;
				GCC_C_LANGUAGE_STANDARD = gnu99;
				GCC_DYNAMIC_NO_PIC = NO;
				GCC_NO_COMMON_BLOCKS = YES;
				GCC_OPTIMIZATION_LEVEL = 0;
				GCC_PREPROCESSOR_DEFINITIONS = (
					"DEBUG=1",
					"$(inherited)",
				);
				GCC_WARN_64_TO_32_BIT_CONVERSION = YES;
				GCC_WARN_ABOUT_RETURN_TYPE = YES_ERROR;
				GCC_WARN_UNDECLARED_SELECTOR = YES;
				GCC_WARN_UNINITIALIZED_AUTOS = YES_AGGRESSIVE;
				GCC_WARN_UNUSED_FUNCTION = YES;
				GCC_WARN_UNUSED_VARIABLE = YES;
				IPHONEOS_DEPLOYMENT_TARGET = 9.0;
				MTL_ENABLE_DEBUG_INFO = YES;
				ONLY_ACTIVE_ARCH = YES;
				SDKROOT = iphoneos;
			};
			name = Debug;
		};
		F3FAF1571BBB372C00D01049 /* Release */ = {
			isa = XCBuildConfiguration;
			buildSettings = {
				ALWAYS_SEARCH_USER_PATHS = NO;
				CLANG_CXX_LANGUAGE_STANDARD = "gnu++0x";
				CLANG_CXX_LIBRARY = "libc++";
				CLANG_ENABLE_MODULES = YES;
				CLANG_ENABLE_OBJC_ARC = YES;
				CLANG_WARN_BOOL_CONVERSION = YES;
				CLANG_WARN_CONSTANT_CONVERSION = YES;
				CLANG_WARN_DIRECT_OBJC_ISA_USAGE = YES_ERROR;
				CLANG_WARN_EMPTY_BODY = YES;
				CLANG_WARN_ENUM_CONVERSION = YES;
				CLANG_WARN_INT_CONVERSION = YES;
				CLANG_WARN_OBJC_ROOT_CLASS = YES_ERROR;
				CLANG_WARN_UNREACHABLE_CODE = YES;
				CLANG_WARN__DUPLICATE_METHOD_MATCH = YES;
				"CODE_SIGN_IDENTITY[sdk=iphoneos*]" = "iPhone Developer";
				COPY_PHASE_STRIP = NO;
				DEBUG_INFORMATION_FORMAT = "dwarf-with-dsym";
				ENABLE_NS_ASSERTIONS = NO;
				ENABLE_STRICT_OBJC_MSGSEND = YES;
				GCC_C_LANGUAGE_STANDARD = gnu99;
				GCC_NO_COMMON_BLOCKS = YES;
				GCC_WARN_64_TO_32_BIT_CONVERSION = YES;
				GCC_WARN_ABOUT_RETURN_TYPE = YES_ERROR;
				GCC_WARN_UNDECLARED_SELECTOR = YES;
				GCC_WARN_UNINITIALIZED_AUTOS = YES_AGGRESSIVE;
				GCC_WARN_UNUSED_FUNCTION = YES;
				GCC_WARN_UNUSED_VARIABLE = YES;
				IPHONEOS_DEPLOYMENT_TARGET = 9.0;
				MTL_ENABLE_DEBUG_INFO = NO;
				SDKROOT = iphoneos;
				VALIDATE_PRODUCT = YES;
			};
			name = Release;
		};
		F3FAF1591BBB372C00D01049 /* Debug */ = {
			isa = XCBuildConfiguration;
			buildSettings = {
				ASSETCATALOG_COMPILER_APPICON_NAME = AppIcon;
				CLANG_ENABLE_MODULES = YES;
				INFOPLIST_FILE = Demo5/Info.plist;
				LD_RUNPATH_SEARCH_PATHS = "$(inherited) @executable_path/Frameworks";
				PRODUCT_BUNDLE_IDENTIFIER = uk.co.cantabilabs.Demo5;
				PRODUCT_NAME = "$(TARGET_NAME)";
				SWIFT_OBJC_BRIDGING_HEADER = "Demo5/Demo5-Bridging-Header.h";
				SWIFT_OPTIMIZATION_LEVEL = "-Onone";
			};
			name = Debug;
		};
		F3FAF15A1BBB372C00D01049 /* Release */ = {
			isa = XCBuildConfiguration;
			buildSettings = {
				ASSETCATALOG_COMPILER_APPICON_NAME = AppIcon;
				CLANG_ENABLE_MODULES = YES;
				INFOPLIST_FILE = Demo5/Info.plist;
				LD_RUNPATH_SEARCH_PATHS = "$(inherited) @executable_path/Frameworks";
				PRODUCT_BUNDLE_IDENTIFIER = uk.co.cantabilabs.Demo5;
				PRODUCT_NAME = "$(TARGET_NAME)";
				SWIFT_OBJC_BRIDGING_HEADER = "Demo5/Demo5-Bridging-Header.h";
			};
			name = Release;
		};
/* End XCBuildConfiguration section */

/* Begin XCConfigurationList section */
		F3FAF13C1BBB372C00D01049 /* Build configuration list for PBXProject "Demo5" */ = {
			isa = XCConfigurationList;
			buildConfigurations = (
				F3FAF1561BBB372C00D01049 /* Debug */,
				F3FAF1571BBB372C00D01049 /* Release */,
			);
			defaultConfigurationIsVisible = 0;
			defaultConfigurationName = Release;
		};
		F3FAF1581BBB372C00D01049 /* Build configuration list for PBXNativeTarget "Demo5" */ = {
			isa = XCConfigurationList;
			buildConfigurations = (
				F3FAF1591BBB372C00D01049 /* Debug */,
				F3FAF15A1BBB372C00D01049 /* Release */,
			);
			defaultConfigurationIsVisible = 0;
		};
/* End XCConfigurationList section */
	};
	rootObject = F3FAF1391BBB372C00D01049 /* Project object */;
}
